{
  "requires": true,
  "lockfileVersion": 1,
  "dependencies": {
    "react-gtm-module": {
      "version": "2.0.8",
      "resolved": "https://registry.npmjs.org/react-gtm-module/-/react-gtm-module-2.0.8.tgz",
      "integrity": "sha512-OU5FwAHC3gWnnxJ+MLwBMLZO1Pmn1DiVCGHqptwDnNojE3QRrNxjqozkW5cNS4Zp+C6HZ8a4ZIt0QPNlpzua4Q=="
    }
  }
}
